// !$*UTF8*$!
{
	archiveVersion = 1;
	classes = {
	};
	objectVersion = 46;
	objects = {

/* Begin PBXBuildFile section */
		04E08F791DD241BE008D467E /* AppDelegate.swift in Sources */ = {isa = PBXBuildFile; fileRef = 04E08F631DD241BE008D467E /* AppDelegate.swift */; };
		04E08F7A1DD241BE008D467E /* Assets.xcassets in Resources */ = {isa = PBXBuildFile; fileRef = 04E08F641DD241BE008D467E /* Assets.xcassets */; };
		04E08F7B1DD241BE008D467E /* LaunchScreen.storyboard in Resources */ = {isa = PBXBuildFile; fileRef = 04E08F651DD241BE008D467E /* LaunchScreen.storyboard */; };
		04E08F7C1DD241BE008D467E /* Main.storyboard in Resources */ = {isa = PBXBuildFile; fileRef = 04E08F671DD241BE008D467E /* Main.storyboard */; };
		04E08F7D1DD241BE008D467E /* HighSchoolMemVerseController.swift in Sources */ = {isa = PBXBuildFile; fileRef = 04E08F691DD241BE008D467E /* HighSchoolMemVerseController.swift */; };
		04E08F7E1DD241BE008D467E /* HighSchoolMultiChoiceController.swift in Sources */ = {isa = PBXBuildFile; fileRef = 04E08F6A1DD241BE008D467E /* HighSchoolMultiChoiceController.swift */; };
		04E08F801DD241BE008D467E /* KGMemVerseController.swift in Sources */ = {isa = PBXBuildFile; fileRef = 04E08F6C1DD241BE008D467E /* KGMemVerseController.swift */; };
		04E08F811DD241BE008D467E /* MemoryVerse.swift in Sources */ = {isa = PBXBuildFile; fileRef = 04E08F6D1DD241BE008D467E /* MemoryVerse.swift */; };
		04E08F821DD241BE008D467E /* MiddlerMemVerseController.swift in Sources */ = {isa = PBXBuildFile; fileRef = 04E08F6E1DD241BE008D467E /* MiddlerMemVerseController.swift */; };
		04E08F831DD241BE008D467E /* MiddlerMultiChoiceController.swift in Sources */ = {isa = PBXBuildFile; fileRef = 04E08F6F1DD241BE008D467E /* MiddlerMultiChoiceController.swift */; };
		04E08F841DD241BE008D467E /* MiddlerTrueFalseController.swift in Sources */ = {isa = PBXBuildFile; fileRef = 04E08F701DD241BE008D467E /* MiddlerTrueFalseController.swift */; };
		04E08F851DD241BE008D467E /* MultipleChoice.swift in Sources */ = {isa = PBXBuildFile; fileRef = 04E08F711DD241BE008D467E /* MultipleChoice.swift */; };
		04E08F861DD241BE008D467E /* PreTeenMemVerseController.swift in Sources */ = {isa = PBXBuildFile; fileRef = 04E08F721DD241BE008D467E /* PreTeenMemVerseController.swift */; };
		04E08F871DD241BE008D467E /* PrimaryMemVerseController.swift in Sources */ = {isa = PBXBuildFile; fileRef = 04E08F731DD241BE008D467E /* PrimaryMemVerseController.swift */; };
		04E08F881DD241BE008D467E /* QuestionStruct.swift in Sources */ = {isa = PBXBuildFile; fileRef = 04E08F741DD241BE008D467E /* QuestionStruct.swift */; };
		04E08F8A1DD241BE008D467E /* TrueFalse.swift in Sources */ = {isa = PBXBuildFile; fileRef = 04E08F771DD241BE008D467E /* TrueFalse.swift */; };
		04E08F8B1DD241BE008D467E /* YoungTeenMemVerseController.swift in Sources */ = {isa = PBXBuildFile; fileRef = 04E08F781DD241BE008D467E /* YoungTeenMemVerseController.swift */; };
		04E40E2C1DBD595100F4CB0E /* SFCSUNSCHTests.swift in Sources */ = {isa = PBXBuildFile; fileRef = 04E40E2B1DBD595100F4CB0E /* SFCSUNSCHTests.swift */; };
		04E40E371DBD595100F4CB0E /* SFCSUNSCHUITests.swift in Sources */ = {isa = PBXBuildFile; fileRef = 04E40E361DBD595100F4CB0E /* SFCSUNSCHUITests.swift */; };
/* End PBXBuildFile section */

/* Begin PBXContainerItemProxy section */
		04E40E281DBD595100F4CB0E /* PBXContainerItemProxy */ = {
			isa = PBXContainerItemProxy;
			containerPortal = 04E40E081DBD595100F4CB0E /* Project object */;
			proxyType = 1;
			remoteGlobalIDString = 04E40E0F1DBD595100F4CB0E;
			remoteInfo = SFCBibleQuiz;
		};
		04E40E331DBD595100F4CB0E /* PBXContainerItemProxy */ = {
			isa = PBXContainerItemProxy;
			containerPortal = 04E40E081DBD595100F4CB0E /* Project object */;
			proxyType = 1;
			remoteGlobalIDString = 04E40E0F1DBD595100F4CB0E;
			remoteInfo = SFCBibleQuiz;
		};
/* End PBXContainerItemProxy section */

/* Begin PBXFileReference section */
		04E08F631DD241BE008D467E /* AppDelegate.swift */ = {isa = PBXFileReference; fileEncoding = 4; lastKnownFileType = sourcecode.swift; path = AppDelegate.swift; sourceTree = "<group>"; };
		04E08F641DD241BE008D467E /* Assets.xcassets */ = {isa = PBXFileReference; lastKnownFileType = folder.assetcatalog; path = Assets.xcassets; sourceTree = "<group>"; };
		04E08F661DD241BE008D467E /* Base */ = {isa = PBXFileReference; lastKnownFileType = file.storyboard; name = Base; path = Base.lproj/LaunchScreen.storyboard; sourceTree = "<group>"; };
		04E08F681DD241BE008D467E /* Base */ = {isa = PBXFileReference; lastKnownFileType = file.storyboard; name = Base; path = Base.lproj/Main.storyboard; sourceTree = "<group>"; };
		04E08F691DD241BE008D467E /* HighSchoolMemVerseController.swift */ = {isa = PBXFileReference; fileEncoding = 4; lastKnownFileType = sourcecode.swift; path = HighSchoolMemVerseController.swift; sourceTree = "<group>"; };
		04E08F6A1DD241BE008D467E /* HighSchoolMultiChoiceController.swift */ = {isa = PBXFileReference; fileEncoding = 4; lastKnownFileType = sourcecode.swift; path = HighSchoolMultiChoiceController.swift; sourceTree = "<group>"; };
		04E08F6B1DD241BE008D467E /* Info.plist */ = {isa = PBXFileReference; fileEncoding = 4; lastKnownFileType = text.plist.xml; path = Info.plist; sourceTree = "<group>"; };
		04E08F6C1DD241BE008D467E /* KGMemVerseController.swift */ = {isa = PBXFileReference; fileEncoding = 4; lastKnownFileType = sourcecode.swift; path = KGMemVerseController.swift; sourceTree = "<group>"; };
		04E08F6D1DD241BE008D467E /* MemoryVerse.swift */ = {isa = PBXFileReference; fileEncoding = 4; lastKnownFileType = sourcecode.swift; path = MemoryVerse.swift; sourceTree = "<group>"; };
		04E08F6E1DD241BE008D467E /* MiddlerMemVerseController.swift */ = {isa = PBXFileReference; fileEncoding = 4; lastKnownFileType = sourcecode.swift; path = MiddlerMemVerseController.swift; sourceTree = "<group>"; };
		04E08F6F1DD241BE008D467E /* MiddlerMultiChoiceController.swift */ = {isa = PBXFileReference; fileEncoding = 4; lastKnownFileType = sourcecode.swift; path = MiddlerMultiChoiceController.swift; sourceTree = "<group>"; };
		04E08F701DD241BE008D467E /* MiddlerTrueFalseController.swift */ = {isa = PBXFileReference; fileEncoding = 4; lastKnownFileType = sourcecode.swift; path = MiddlerTrueFalseController.swift; sourceTree = "<group>"; };
		04E08F711DD241BE008D467E /* MultipleChoice.swift */ = {isa = PBXFileReference; fileEncoding = 4; lastKnownFileType = sourcecode.swift; path = MultipleChoice.swift; sourceTree = "<group>"; };
		04E08F721DD241BE008D467E /* PreTeenMemVerseController.swift */ = {isa = PBXFileReference; fileEncoding = 4; lastKnownFileType = sourcecode.swift; path = PreTeenMemVerseController.swift; sourceTree = "<group>"; };
		04E08F731DD241BE008D467E /* PrimaryMemVerseController.swift */ = {isa = PBXFileReference; fileEncoding = 4; lastKnownFileType = sourcecode.swift; path = PrimaryMemVerseController.swift; sourceTree = "<group>"; };
		04E08F741DD241BE008D467E /* QuestionStruct.swift */ = {isa = PBXFileReference; fileEncoding = 4; lastKnownFileType = sourcecode.swift; path = QuestionStruct.swift; sourceTree = "<group>"; };
		04E08F771DD241BE008D467E /* TrueFalse.swift */ = {isa = PBXFileReference; fileEncoding = 4; lastKnownFileType = sourcecode.swift; path = TrueFalse.swift; sourceTree = "<group>"; };
		04E08F781DD241BE008D467E /* YoungTeenMemVerseController.swift */ = {isa = PBXFileReference; fileEncoding = 4; lastKnownFileType = sourcecode.swift; path = YoungTeenMemVerseController.swift; sourceTree = "<group>"; };
		04E40E101DBD595100F4CB0E /* SFCBibleQuiz.app */ = {isa = PBXFileReference; explicitFileType = wrapper.application; includeInIndex = 0; path = SFCBibleQuiz.app; sourceTree = BUILT_PRODUCTS_DIR; };
		04E40E271DBD595100F4CB0E /* SFCBibleQuizTests.xctest */ = {isa = PBXFileReference; explicitFileType = wrapper.cfbundle; includeInIndex = 0; path = SFCBibleQuizTests.xctest; sourceTree = BUILT_PRODUCTS_DIR; };
		04E40E2B1DBD595100F4CB0E /* SFCSUNSCHTests.swift */ = {isa = PBXFileReference; lastKnownFileType = sourcecode.swift; name = SFCSUNSCHTests.swift; path = SFCSUNSCHTests/SFCSUNSCHTests.swift; sourceTree = "<group>"; };
		04E40E2D1DBD595100F4CB0E /* Info.plist */ = {isa = PBXFileReference; lastKnownFileType = text.plist; name = Info.plist; path = SFCSUNSCHTests/Info.plist; sourceTree = "<group>"; };
		04E40E321DBD595100F4CB0E /* SFCBibleQuizUITests.xctest */ = {isa = PBXFileReference; explicitFileType = wrapper.cfbundle; includeInIndex = 0; path = SFCBibleQuizUITests.xctest; sourceTree = BUILT_PRODUCTS_DIR; };
		04E40E361DBD595100F4CB0E /* SFCSUNSCHUITests.swift */ = {isa = PBXFileReference; lastKnownFileType = sourcecode.swift; name = SFCSUNSCHUITests.swift; path = SFCSUNSCHUITests/SFCSUNSCHUITests.swift; sourceTree = "<group>"; };
		04E40E381DBD595100F4CB0E /* Info.plist */ = {isa = PBXFileReference; lastKnownFileType = text.plist; name = Info.plist; path = SFCSUNSCHUITests/Info.plist; sourceTree = "<group>"; };
/* End PBXFileReference section */

/* Begin PBXFrameworksBuildPhase section */
		04E40E0D1DBD595100F4CB0E /* Frameworks */ = {
			isa = PBXFrameworksBuildPhase;
			buildActionMask = 2147483647;
			files = (
			);
			runOnlyForDeploymentPostprocessing = 0;
		};
		04E40E241DBD595100F4CB0E /* Frameworks */ = {
			isa = PBXFrameworksBuildPhase;
			buildActionMask = 2147483647;
			files = (
			);
			runOnlyForDeploymentPostprocessing = 0;
		};
		04E40E2F1DBD595100F4CB0E /* Frameworks */ = {
			isa = PBXFrameworksBuildPhase;
			buildActionMask = 2147483647;
			files = (
			);
			runOnlyForDeploymentPostprocessing = 0;
		};
/* End PBXFrameworksBuildPhase section */

/* Begin PBXGroup section */
		04E08F621DD241BE008D467E /* SFCBibleQuiz */ = {
			isa = PBXGroup;
			children = (
				04E08F631DD241BE008D467E /* AppDelegate.swift */,
				04E08F641DD241BE008D467E /* Assets.xcassets */,
				04E08F651DD241BE008D467E /* LaunchScreen.storyboard */,
				04E08F671DD241BE008D467E /* Main.storyboard */,
				04E08F691DD241BE008D467E /* HighSchoolMemVerseController.swift */,
				04E08F6A1DD241BE008D467E /* HighSchoolMultiChoiceController.swift */,
				04E08F6B1DD241BE008D467E /* Info.plist */,
				04E08F6C1DD241BE008D467E /* KGMemVerseController.swift */,
				04E08F6D1DD241BE008D467E /* MemoryVerse.swift */,
				04E08F6E1DD241BE008D467E /* MiddlerMemVerseController.swift */,
				04E08F6F1DD241BE008D467E /* MiddlerMultiChoiceController.swift */,
				04E08F701DD241BE008D467E /* MiddlerTrueFalseController.swift */,
				04E08F711DD241BE008D467E /* MultipleChoice.swift */,
				04E08F721DD241BE008D467E /* PreTeenMemVerseController.swift */,
				04E08F731DD241BE008D467E /* PrimaryMemVerseController.swift */,
				04E08F741DD241BE008D467E /* QuestionStruct.swift */,
				04E08F771DD241BE008D467E /* TrueFalse.swift */,
				04E08F781DD241BE008D467E /* YoungTeenMemVerseController.swift */,
			);
			path = SFCBibleQuiz;
			sourceTree = "<group>";
		};
		04E40E071DBD595100F4CB0E = {
			isa = PBXGroup;
			children = (
				04E08F621DD241BE008D467E /* SFCBibleQuiz */,
				04E40E2A1DBD595100F4CB0E /* SFCBibleQuizTests */,
				04E40E351DBD595100F4CB0E /* SFCBibleQuizUITests */,
				04E40E111DBD595100F4CB0E /* Products */,
			);
			sourceTree = "<group>";
		};
		04E40E111DBD595100F4CB0E /* Products */ = {
			isa = PBXGroup;
			children = (
				04E40E101DBD595100F4CB0E /* SFCBibleQuiz.app */,
				04E40E271DBD595100F4CB0E /* SFCBibleQuizTests.xctest */,
				04E40E321DBD595100F4CB0E /* SFCBibleQuizUITests.xctest */,
			);
			name = Products;
			sourceTree = "<group>";
		};
		04E40E2A1DBD595100F4CB0E /* SFCBibleQuizTests */ = {
			isa = PBXGroup;
			children = (
				04E40E2B1DBD595100F4CB0E /* SFCSUNSCHTests.swift */,
				04E40E2D1DBD595100F4CB0E /* Info.plist */,
			);
			path = SFCBibleQuizTests;
			sourceTree = "<group>";
		};
		04E40E351DBD595100F4CB0E /* SFCBibleQuizUITests */ = {
			isa = PBXGroup;
			children = (
				04E40E361DBD595100F4CB0E /* SFCSUNSCHUITests.swift */,
				04E40E381DBD595100F4CB0E /* Info.plist */,
			);
			path = SFCBibleQuizUITests;
			sourceTree = "<group>";
		};
/* End PBXGroup section */

/* Begin PBXNativeTarget section */
		04E40E0F1DBD595100F4CB0E /* SFCBibleQuiz */ = {
			isa = PBXNativeTarget;
			buildConfigurationList = 04E40E3B1DBD595100F4CB0E /* Build configuration list for PBXNativeTarget "SFCBibleQuiz" */;
			buildPhases = (
				04E40E0C1DBD595100F4CB0E /* Sources */,
				04E40E0D1DBD595100F4CB0E /* Frameworks */,
				04E40E0E1DBD595100F4CB0E /* Resources */,
			);
			buildRules = (
			);
			dependencies = (
			);
			name = SFCBibleQuiz;
			productName = SFCBibleQuiz;
			productReference = 04E40E101DBD595100F4CB0E /* SFCBibleQuiz.app */;
			productType = "com.apple.product-type.application";
		};
		04E40E261DBD595100F4CB0E /* SFCBibleQuizTests */ = {
			isa = PBXNativeTarget;
			buildConfigurationList = 04E40E3E1DBD595100F4CB0E /* Build configuration list for PBXNativeTarget "SFCBibleQuizTests" */;
			buildPhases = (
				04E40E231DBD595100F4CB0E /* Sources */,
				04E40E241DBD595100F4CB0E /* Frameworks */,
				04E40E251DBD595100F4CB0E /* Resources */,
			);
			buildRules = (
			);
			dependencies = (
				04E40E291DBD595100F4CB0E /* PBXTargetDependency */,
			);
			name = SFCBibleQuizTests;
			productName = SFCBibleQuizTests;
			productReference = 04E40E271DBD595100F4CB0E /* SFCBibleQuizTests.xctest */;
			productType = "com.apple.product-type.bundle.unit-test";
		};
		04E40E311DBD595100F4CB0E /* SFCBibleQuizUITests */ = {
			isa = PBXNativeTarget;
			buildConfigurationList = 04E40E411DBD595100F4CB0E /* Build configuration list for PBXNativeTarget "SFCBibleQuizUITests" */;
			buildPhases = (
				04E40E2E1DBD595100F4CB0E /* Sources */,
				04E40E2F1DBD595100F4CB0E /* Frameworks */,
				04E40E301DBD595100F4CB0E /* Resources */,
			);
			buildRules = (
			);
			dependencies = (
				04E40E341DBD595100F4CB0E /* PBXTargetDependency */,
			);
			name = SFCBibleQuizUITests;
			productName = SFCBibleQuizUITests;
			productReference = 04E40E321DBD595100F4CB0E /* SFCBibleQuizUITests.xctest */;
			productType = "com.apple.product-type.bundle.ui-testing";
		};
/* End PBXNativeTarget section */

/* Begin PBXProject section */
		04E40E081DBD595100F4CB0E /* Project object */ = {
			isa = PBXProject;
			attributes = {
				LastSwiftUpdateCheck = 0800;
				LastUpgradeCheck = 0800;
				ORGANIZATIONNAME = 4STDESIGN;
				TargetAttributes = {
					04E40E0F1DBD595100F4CB0E = {
						CreatedOnToolsVersion = 8.0;
						DevelopmentTeam = 23NN4YE4F2;
						ProvisioningStyle = Automatic;
					};
					04E40E261DBD595100F4CB0E = {
						CreatedOnToolsVersion = 8.0;
						DevelopmentTeam = 23NN4YE4F2;
						ProvisioningStyle = Automatic;
						TestTargetID = 04E40E0F1DBD595100F4CB0E;
					};
					04E40E311DBD595100F4CB0E = {
						CreatedOnToolsVersion = 8.0;
						DevelopmentTeam = 23NN4YE4F2;
						ProvisioningStyle = Automatic;
						TestTargetID = 04E40E0F1DBD595100F4CB0E;
					};
				};
			};
			buildConfigurationList = 04E40E0B1DBD595100F4CB0E /* Build configuration list for PBXProject "SFCBibleQuiz" */;
			compatibilityVersion = "Xcode 3.2";
			developmentRegion = English;
			hasScannedForEncodings = 0;
			knownRegions = (
				en,
				Base,
			);
			mainGroup = 04E40E071DBD595100F4CB0E;
			productRefGroup = 04E40E111DBD595100F4CB0E /* Products */;
			projectDirPath = "";
			projectRoot = "";
			targets = (
				04E40E0F1DBD595100F4CB0E /* SFCBibleQuiz */,
				04E40E261DBD595100F4CB0E /* SFCBibleQuizTests */,
				04E40E311DBD595100F4CB0E /* SFCBibleQuizUITests */,
			);
		};
/* End PBXProject section */

/* Begin PBXResourcesBuildPhase section */
		04E40E0E1DBD595100F4CB0E /* Resources */ = {
			isa = PBXResourcesBuildPhase;
			buildActionMask = 2147483647;
			files = (
				04E08F7A1DD241BE008D467E /* Assets.xcassets in Resources */,
				04E08F7C1DD241BE008D467E /* Main.storyboard in Resources */,
				04E08F7B1DD241BE008D467E /* LaunchScreen.storyboard in Resources */,
			);
			runOnlyForDeploymentPostprocessing = 0;
		};
		04E40E251DBD595100F4CB0E /* Resources */ = {
			isa = PBXResourcesBuildPhase;
			buildActionMask = 2147483647;
			files = (
			);
			runOnlyForDeploymentPostprocessing = 0;
		};
		04E40E301DBD595100F4CB0E /* Resources */ = {
			isa = PBXResourcesBuildPhase;
			buildActionMask = 2147483647;
			files = (
			);
			runOnlyForDeploymentPostprocessing = 0;
		};
/* End PBXResourcesBuildPhase section */

/* Begin PBXSourcesBuildPhase section */
		04E40E0C1DBD595100F4CB0E /* Sources */ = {
			isa = PBXSourcesBuildPhase;
			buildActionMask = 2147483647;
			files = (
				04E08F8B1DD241BE008D467E /* YoungTeenMemVerseController.swift in Sources */,
				04E08F811DD241BE008D467E /* MemoryVerse.swift in Sources */,
				04E08F881DD241BE008D467E /* QuestionStruct.swift in Sources */,
				04E08F851DD241BE008D467E /* MultipleChoice.swift in Sources */,
				04E08F821DD241BE008D467E /* MiddlerMemVerseController.swift in Sources */,
				04E08F831DD241BE008D467E /* MiddlerMultiChoiceController.swift in Sources */,
				04E08F7D1DD241BE008D467E /* HighSchoolMemVerseController.swift in Sources */,
				04E08F841DD241BE008D467E /* MiddlerTrueFalseController.swift in Sources */,
				04E08F791DD241BE008D467E /* AppDelegate.swift in Sources */,
				04E08F7E1DD241BE008D467E /* HighSchoolMultiChoiceController.swift in Sources */,
				04E08F861DD241BE008D467E /* PreTeenMemVerseController.swift in Sources */,
				04E08F801DD241BE008D467E /* KGMemVerseController.swift in Sources */,
				04E08F871DD241BE008D467E /* PrimaryMemVerseController.swift in Sources */,
				04E08F8A1DD241BE008D467E /* TrueFalse.swift in Sources */,
			);
			runOnlyForDeploymentPostprocessing = 0;
		};
		04E40E231DBD595100F4CB0E /* Sources */ = {
			isa = PBXSourcesBuildPhase;
			buildActionMask = 2147483647;
			files = (
				04E40E2C1DBD595100F4CB0E /* SFCSUNSCHTests.swift in Sources */,
			);
			runOnlyForDeploymentPostprocessing = 0;
		};
		04E40E2E1DBD595100F4CB0E /* Sources */ = {
			isa = PBXSourcesBuildPhase;
			buildActionMask = 2147483647;
			files = (
				04E40E371DBD595100F4CB0E /* SFCSUNSCHUITests.swift in Sources */,
			);
			runOnlyForDeploymentPostprocessing = 0;
		};
/* End PBXSourcesBuildPhase section */

/* Begin PBXTargetDependency section */
		04E40E291DBD595100F4CB0E /* PBXTargetDependency */ = {
			isa = PBXTargetDependency;
			target = 04E40E0F1DBD595100F4CB0E /* SFCBibleQuiz */;
			targetProxy = 04E40E281DBD595100F4CB0E /* PBXContainerItemProxy */;
		};
		04E40E341DBD595100F4CB0E /* PBXTargetDependency */ = {
			isa = PBXTargetDependency;
			target = 04E40E0F1DBD595100F4CB0E /* SFCBibleQuiz */;
			targetProxy = 04E40E331DBD595100F4CB0E /* PBXContainerItemProxy */;
		};
/* End PBXTargetDependency section */

/* Begin PBXVariantGroup section */
		04E08F651DD241BE008D467E /* LaunchScreen.storyboard */ = {
			isa = PBXVariantGroup;
			children = (
				04E08F661DD241BE008D467E /* Base */,
			);
			name = LaunchScreen.storyboard;
			sourceTree = "<group>";
		};
		04E08F671DD241BE008D467E /* Main.storyboard */ = {
			isa = PBXVariantGroup;
			children = (
				04E08F681DD241BE008D467E /* Base */,
			);
			name = Main.storyboard;
			sourceTree = "<group>";
		};
/* End PBXVariantGroup section */

/* Begin XCBuildConfiguration section */
		04E40E391DBD595100F4CB0E /* Debug */ = {
			isa = XCBuildConfiguration;
			buildSettings = {
				ALWAYS_SEARCH_USER_PATHS = NO;
				CLANG_ANALYZER_NONNULL = YES;
				CLANG_CXX_LANGUAGE_STANDARD = "gnu++0x";
				CLANG_CXX_LIBRARY = "libc++";
				CLANG_ENABLE_MODULES = YES;
				CLANG_ENABLE_OBJC_ARC = YES;
				CLANG_WARN_BOOL_CONVERSION = YES;
				CLANG_WARN_CONSTANT_CONVERSION = YES;
				CLANG_WARN_DIRECT_OBJC_ISA_USAGE = YES_ERROR;
				CLANG_WARN_DOCUMENTATION_COMMENTS = YES;
				CLANG_WARN_EMPTY_BODY = YES;
				CLANG_WARN_ENUM_CONVERSION = YES;
				CLANG_WARN_INFINITE_RECURSION = YES;
				CLANG_WARN_INT_CONVERSION = YES;
				CLANG_WARN_OBJC_ROOT_CLASS = YES_ERROR;
				CLANG_WARN_SUSPICIOUS_MOVES = YES;
				CLANG_WARN_UNREACHABLE_CODE = YES;
				CLANG_WARN__DUPLICATE_METHOD_MATCH = YES;
				"CODE_SIGN_IDENTITY[sdk=iphoneos*]" = "iPhone Developer";
				COPY_PHASE_STRIP = NO;
				DEBUG_INFORMATION_FORMAT = dwarf;
				ENABLE_STRICT_OBJC_MSGSEND = YES;
				ENABLE_TESTABILITY = YES;
				GCC_C_LANGUAGE_STANDARD = gnu99;
				GCC_DYNAMIC_NO_PIC = NO;
				GCC_NO_COMMON_BLOCKS = YES;
				GCC_OPTIMIZATION_LEVEL = 0;
				GCC_PREPROCESSOR_DEFINITIONS = (
					"DEBUG=1",
					"$(inherited)",
				);
				GCC_WARN_64_TO_32_BIT_CONVERSION = YES;
				GCC_WARN_ABOUT_RETURN_TYPE = YES_ERROR;
				GCC_WARN_UNDECLARED_SELECTOR = YES;
				GCC_WARN_UNINITIALIZED_AUTOS = YES_AGGRESSIVE;
				GCC_WARN_UNUSED_FUNCTION = YES;
				GCC_WARN_UNUSED_VARIABLE = YES;
				IPHONEOS_DEPLOYMENT_TARGET = 10.0;
				MTL_ENABLE_DEBUG_INFO = YES;
				ONLY_ACTIVE_ARCH = YES;
				SDKROOT = iphoneos;
				SWIFT_ACTIVE_COMPILATION_CONDITIONS = DEBUG;
				SWIFT_OPTIMIZATION_LEVEL = "-Onone";
				TARGETED_DEVICE_FAMILY = "1,2";
			};
			name = Debug;
		};
		04E40E3A1DBD595100F4CB0E /* Release */ = {
			isa = XCBuildConfiguration;
			buildSettings = {
				ALWAYS_SEARCH_USER_PATHS = NO;
				CLANG_ANALYZER_NONNULL = YES;
				CLANG_CXX_LANGUAGE_STANDARD = "gnu++0x";
				CLANG_CXX_LIBRARY = "libc++";
				CLANG_ENABLE_MODULES = YES;
				CLANG_ENABLE_OBJC_ARC = YES;
				CLANG_WARN_BOOL_CONVERSION = YES;
				CLANG_WARN_CONSTANT_CONVERSION = YES;
				CLANG_WARN_DIRECT_OBJC_ISA_USAGE = YES_ERROR;
				CLANG_WARN_DOCUMENTATION_COMMENTS = YES;
				CLANG_WARN_EMPTY_BODY = YES;
				CLANG_WARN_ENUM_CONVERSION = YES;
				CLANG_WARN_INFINITE_RECURSION = YES;
				CLANG_WARN_INT_CONVERSION = YES;
				CLANG_WARN_OBJC_ROOT_CLASS = YES_ERROR;
				CLANG_WARN_SUSPICIOUS_MOVES = YES;
				CLANG_WARN_UNREACHABLE_CODE = YES;
				CLANG_WARN__DUPLICATE_METHOD_MATCH = YES;
				"CODE_SIGN_IDENTITY[sdk=iphoneos*]" = "iPhone Developer";
				COPY_PHASE_STRIP = NO;
				DEBUG_INFORMATION_FORMAT = "dwarf-with-dsym";
				ENABLE_NS_ASSERTIONS = NO;
				ENABLE_STRICT_OBJC_MSGSEND = YES;
				GCC_C_LANGUAGE_STANDARD = gnu99;
				GCC_NO_COMMON_BLOCKS = YES;
				GCC_WARN_64_TO_32_BIT_CONVERSION = YES;
				GCC_WARN_ABOUT_RETURN_TYPE = YES_ERROR;
				GCC_WARN_UNDECLARED_SELECTOR = YES;
				GCC_WARN_UNINITIALIZED_AUTOS = YES_AGGRESSIVE;
				GCC_WARN_UNUSED_FUNCTION = YES;
				GCC_WARN_UNUSED_VARIABLE = YES;
				IPHONEOS_DEPLOYMENT_TARGET = 10.0;
				MTL_ENABLE_DEBUG_INFO = NO;
				SDKROOT = iphoneos;
				SWIFT_OPTIMIZATION_LEVEL = "-Owholemodule";
				TARGETED_DEVICE_FAMILY = "1,2";
				VALIDATE_PRODUCT = YES;
			};
			name = Release;
		};
		04E40E3C1DBD595100F4CB0E /* Debug */ = {
			isa = XCBuildConfiguration;
			buildSettings = {
				ASSETCATALOG_COMPILER_APPICON_NAME = AppIcon;
				DEVELOPMENT_TEAM = 23NN4YE4F2;
				INFOPLIST_FILE = SFCBibleQuiz/Info.plist;
				LD_RUNPATH_SEARCH_PATHS = "$(inherited) @executable_path/Frameworks";
				PRODUCT_BUNDLE_IDENTIFIER = com.4st.SFCSUNSCH;
				PRODUCT_NAME = "$(TARGET_NAME)";
				SWIFT_VERSION = 3.0;
			};
			name = Debug;
		};
		04E40E3D1DBD595100F4CB0E /* Release */ = {
			isa = XCBuildConfiguration;
			buildSettings = {
				ASSETCATALOG_COMPILER_APPICON_NAME = AppIcon;
				DEVELOPMENT_TEAM = 23NN4YE4F2;
				INFOPLIST_FILE = SFCBibleQuiz/Info.plist;
				LD_RUNPATH_SEARCH_PATHS = "$(inherited) @executable_path/Frameworks";
				PRODUCT_BUNDLE_IDENTIFIER = com.4st.SFCSUNSCH;
				PRODUCT_NAME = "$(TARGET_NAME)";
				SWIFT_VERSION = 3.0;
			};
			name = Release;
		};
		04E40E3F1DBD595100F4CB0E /* Debug */ = {
			isa = XCBuildConfiguration;
			buildSettings = {
				ALWAYS_EMBED_SWIFT_STANDARD_LIBRARIES = YES;
				BUNDLE_LOADER = "$(TEST_HOST)";
				DEVELOPMENT_TEAM = 23NN4YE4F2;
				INFOPLIST_FILE = SFCBibleQuizTests/Info.plist;
				LD_RUNPATH_SEARCH_PATHS = "$(inherited) @executable_path/Frameworks @loader_path/Frameworks";
				PRODUCT_BUNDLE_IDENTIFIER = com.4stdesign.SFCBibleQuizTests;
				PRODUCT_NAME = "$(TARGET_NAME)";
				SWIFT_VERSION = 3.0;
				TEST_HOST = "$(BUILT_PRODUCTS_DIR)/SFCSUNSCH.app/SFCSUNSCH";
			};
			name = Debug;
		};
		04E40E401DBD595100F4CB0E /* Release */ = {
			isa = XCBuildConfiguration;
			buildSettings = {
				ALWAYS_EMBED_SWIFT_STANDARD_LIBRARIES = YES;
				BUNDLE_LOADER = "$(TEST_HOST)";
				DEVELOPMENT_TEAM = 23NN4YE4F2;
				INFOPLIST_FILE = SFCBibleQuizTests/Info.plist;
				LD_RUNPATH_SEARCH_PATHS = "$(inherited) @executable_path/Frameworks @loader_path/Frameworks";
				PRODUCT_BUNDLE_IDENTIFIER = com.4stdesign.SFCBibleQuizTests;
				PRODUCT_NAME = "$(TARGET_NAME)";
				SWIFT_VERSION = 3.0;
				TEST_HOST = "$(BUILT_PRODUCTS_DIR)/SFCSUNSCH.app/SFCSUNSCH";
			};
			name = Release;
		};
		04E40E421DBD595100F4CB0E /* Debug */ = {
			isa = XCBuildConfiguration;
			buildSettings = {
				ALWAYS_EMBED_SWIFT_STANDARD_LIBRARIES = YES;
				DEVELOPMENT_TEAM = 23NN4YE4F2;
				INFOPLIST_FILE = SFCBibleQuizUITests/Info.plist;
				LD_RUNPATH_SEARCH_PATHS = "$(inherited) @executable_path/Frameworks @loader_path/Frameworks";
				PRODUCT_BUNDLE_IDENTIFIER = com.4stdesign.SFCBibleQuizUITests;
				PRODUCT_NAME = "$(TARGET_NAME)";
				SWIFT_VERSION = 3.0;
				TEST_TARGET_NAME = SFCBibleQuiz;
			};
			name = Debug;
		};
		04E40E431DBD595100F4CB0E /* Release */ = {
			isa = XCBuildConfiguration;
			buildSettings = {
				ALWAYS_EMBED_SWIFT_STANDARD_LIBRARIES = YES;
				DEVELOPMENT_TEAM = 23NN4YE4F2;
				INFOPLIST_FILE = SFCBibleQuizUITests/Info.plist;
				LD_RUNPATH_SEARCH_PATHS = "$(inherited) @executable_path/Frameworks @loader_path/Frameworks";
				PRODUCT_BUNDLE_IDENTIFIER = com.4stdesign.SFCBibleQuizUITests;
				PRODUCT_NAME = "$(TARGET_NAME)";
				SWIFT_VERSION = 3.0;
				TEST_TARGET_NAME = SFCBibleQuiz;
			};
			name = Release;
		};
/* End XCBuildConfiguration section */

/* Begin XCConfigurationList section */
		04E40E0B1DBD595100F4CB0E /* Build configuration list for PBXProject "SFCBibleQuiz" */ = {
			isa = XCConfigurationList;
			buildConfigurations = (
				04E40E391DBD595100F4CB0E /* Debug */,
				04E40E3A1DBD595100F4CB0E /* Release */,
			);
			defaultConfigurationIsVisible = 0;
			defaultConfigurationName = Release;
		};
		04E40E3B1DBD595100F4CB0E /* Build configuration list for PBXNativeTarget "SFCBibleQuiz" */ = {
			isa = XCConfigurationList;
			buildConfigurations = (
				04E40E3C1DBD595100F4CB0E /* Debug */,
				04E40E3D1DBD595100F4CB0E /* Release */,
			);
			defaultConfigurationIsVisible = 0;
			defaultConfigurationName = Release;
		};
		04E40E3E1DBD595100F4CB0E /* Build configuration list for PBXNativeTarget "SFCBibleQuizTests" */ = {
			isa = XCConfigurationList;
			buildConfigurations = (
				04E40E3F1DBD595100F4CB0E /* Debug */,
				04E40E401DBD595100F4CB0E /* Release */,
			);
			defaultConfigurationIsVisible = 0;
			defaultConfigurationName = Release;
		};
		04E40E411DBD595100F4CB0E /* Build configuration list for PBXNativeTarget "SFCBibleQuizUITests" */ = {
			isa = XCConfigurationList;
			buildConfigurations = (
				04E40E421DBD595100F4CB0E /* Debug */,
				04E40E431DBD595100F4CB0E /* Release */,
			);
			defaultConfigurationIsVisible = 0;
			defaultConfigurationName = Release;
		};
/* End XCConfigurationList section */
	};
	rootObject = 04E40E081DBD595100F4CB0E /* Project object */;
}
